{
  "version": 4,
  "terraform_version": "1.5.7",
  "serial": 1,
  "lineage": "5fd901f0-59b3-ce72-7990-2d47a9630735",
  "outputs": {},
  "resources": [
    {
      "mode": "managed",
      "type": "local_file",
      "name": "mysite",
      "provider": "provider[\"registry.terraform.io/hashicorp/local\"]",
      "instances": [
        {
          "schema_version": 0,
          "attributes": {
            "content": "\u003chtml\u003e\n  \u003ctitle\u003eMy Website - DEV\u003c/title\u003e\n\u003c/html\u003e\n",
            "content_base64": null,
            "content_base64sha256": "Z74SYoq9VBzOW7ZpQrU35+vk1Q94qRk8v8qMpqqbxeE=",
            "content_base64sha512": "gogTlTQFkMVzuL1zyZKve+dwiiqgNxZBOBilc/O5LSriQJmV0akBVHi0G/XriblnQ+uqdOCGxk1YmPr9Qc1Ckg==",
            "content_md5": "55421bc70d3b12dc6210d48ee4833dd6",
            "content_sha1": "f0b25f48055c149a280dcddc929f98f2c6db8426",
            "content_sha256": "67be12628abd541cce5bb66942b537e7ebe4d50f78a9193cbfca8ca6aa9bc5e1",
            "content_sha512": "82881395340590c573b8bd73c992af7be7708a2aa03716413818a573f3b92d2ae2409995d1a9015478b41bf5eb89b96743ebaa74e086c64d5898fafd41cd4292",
            "directory_permission": "0777",
            "file_permission": "0777",
            "filename": "/tmp/tfmysite/dev/mysite/index.html",
            "id": "f0b25f48055c149a280dcddc929f98f2c6db8426",
            "sensitive_content": null,
            "source": null
          },
          "sensitive_attributes": []
        }
      ]
    }
  ],
  "check_results": null
}
