{
  "version": 4,
  "terraform_version": "1.5.7",
  "serial": 1,
  "lineage": "08085e8f-de36-26a4-5269-62259e9ce890",
  "outputs": {},
  "resources": [
    {
      "mode": "managed",
      "type": "local_file",
      "name": "mysite",
      "provider": "provider[\"registry.terraform.io/hashicorp/local\"]",
      "instances": [
        {
          "schema_version": 0,
          "attributes": {
            "content": "\u003chtml\u003e\n  \u003ctitle\u003eMy Website - PROD\u003c/title\u003e\n\u003c/html\u003e\n",
            "content_base64": null,
            "content_base64sha256": "2GR06dfLc+4jSDZZ4XYzqj7v45OOwRd19Fgew2mR93I=",
            "content_base64sha512": "LaqJC+xxxH8fOnBGS3hl1vEfIp1Xr5s7Ag12MZiLQd6tcJE86p/5zNnzP6d8DNlQNp9p2h+75ljVI51Uj1YM9w==",
            "content_md5": "299c51a794d7a7cf5564f549ac69901f",
            "content_sha1": "7f7e6da0a9f93b97307af9a568c83ce8da0ec599",
            "content_sha256": "d86474e9d7cb73ee23483659e17633aa3eefe3938ec11775f4581ec36991f772",
            "content_sha512": "2daa890bec71c47f1f3a70464b7865d6f11f229d57af9b3b020d7631988b41dead70913cea9ff9ccd9f33fa77c0cd950369f69da1fbbe658d5239d548f560cf7",
            "directory_permission": "0777",
            "file_permission": "0777",
            "filename": "/tmp/tfmysite/prod/mysite/index.html",
            "id": "7f7e6da0a9f93b97307af9a568c83ce8da0ec599",
            "sensitive_content": null,
            "source": null
          },
          "sensitive_attributes": []
        }
      ]
    }
  ],
  "check_results": null
}
